
Microsoft Visual Studio Solution File, Format Version 12.00
# Visual Studio Version 17
VisualStudioVersion = 17.10.34928.147
MinimumVisualStudioVersion = 10.0.40219.1
Project("{9A19103F-16F7-4668-BE54-9A1E7A4F7556}") = "Flower.Domain", "Flower.Domain\Flower.Domain.csproj", "{2EC6C371-C58F-4A1D-9EF9-9BD6A70173B3}"
EndProject
Project("{9A19103F-16F7-4668-BE54-9A1E7A4F7556}") = "Flower.Persistance", "Flower.Persistance\Flower.Persistance.csproj", "{BF5F58E9-B912-42A9-9556-B7B4E579F38E}"
EndProject
Project("{9A19103F-16F7-4668-BE54-9A1E7A4F7556}") = "Flower.UI", "Flower.UI\Flower.UI.csproj", "{313DA5E9-25A8-486D-80F6-A3889377F66C}"
EndProject
Global
	GlobalSection(SolutionConfigurationPlatforms) = preSolution
		Debug|Any CPU = Debug|Any CPU
		Release|Any CPU = Release|Any CPU
	EndGlobalSection
	GlobalSection(ProjectConfigurationPlatforms) = postSolution
		{2EC6C371-C58F-4A1D-9EF9-9BD6A70173B3}.Debug|Any CPU.ActiveCfg = Debug|Any CPU
		{2EC6C371-C58F-4A1D-9EF9-9BD6A70173B3}.Debug|Any CPU.Build.0 = Debug|Any CPU
		{2EC6C371-C58F-4A1D-9EF9-9BD6A70173B3}.Release|Any CPU.ActiveCfg = Release|Any CPU
		{2EC6C371-C58F-4A1D-9EF9-9BD6A70173B3}.Release|Any CPU.Build.0 = Release|Any CPU
		{BF5F58E9-B912-42A9-9556-B7B4E579F38E}.Debug|Any CPU.ActiveCfg = Debug|Any CPU
		{BF5F58E9-B912-42A9-9556-B7B4E579F38E}.Debug|Any CPU.Build.0 = Debug|Any CPU
		{BF5F58E9-B912-42A9-9556-B7B4E579F38E}.Release|Any CPU.ActiveCfg = Release|Any CPU
		{BF5F58E9-B912-42A9-9556-B7B4E579F38E}.Release|Any CPU.Build.0 = Release|Any CPU
		{313DA5E9-25A8-486D-80F6-A3889377F66C}.Debug|Any CPU.ActiveCfg = Debug|Any CPU
		{313DA5E9-25A8-486D-80F6-A3889377F66C}.Debug|Any CPU.Build.0 = Debug|Any CPU
		{313DA5E9-25A8-486D-80F6-A3889377F66C}.Release|Any CPU.ActiveCfg = Release|Any CPU
		{313DA5E9-25A8-486D-80F6-A3889377F66C}.Release|Any CPU.Build.0 = Release|Any CPU
	EndGlobalSection
	GlobalSection(SolutionProperties) = preSolution
		HideSolutionNode = FALSE
	EndGlobalSection
	GlobalSection(ExtensibilityGlobals) = postSolution
		SolutionGuid = {53D5FBF5-E4BE-46D8-8FCD-0A4DA64A8510}
	EndGlobalSection
EndGlobal
